
Microsoft Visual Studio Solution File, Format Version 12.00
# Visual Studio Version 17
VisualStudioVersion = 17.9.34622.214
MinimumVisualStudioVersion = 10.0.40219.1
Project("{FAE04EC0-301F-11D3-BF4B-00C04F79EFBC}") = "Config_API", "Config_API\Config_API.csproj", "{53F16BCA-4452-419C-BDEE-3E13A993F2B4}"
EndProject
Project("{FAE04EC0-301F-11D3-BF4B-00C04F79EFBC}") = "UserManagement_API", "UserManagement_API\UserManagement_API.csproj", "{17AEE88B-D000-4C53-83E8-B721C4021114}"
EndProject
Project("{FAE04EC0-301F-11D3-BF4B-00C04F79EFBC}") = "ControlPanel_API", "ControlPanel_API\ControlPanel_API.csproj", "{C4ED4710-17A5-41CC-83CB-98785B27E83F}"
EndProject
Project("{FAE04EC0-301F-11D3-BF4B-00C04F79EFBC}") = "Schools_API", "Schools_API\Schools_API.csproj", "{5247172B-76A4-47DF-AD29-97483CBD8543}"
EndProject
Project("{FAE04EC0-301F-11D3-BF4B-00C04F79EFBC}") = "Course_API", "Course_API\Course_API.csproj", "{8F91926F-2EAC-45A7-92BA-689BB53D2B31}"
EndProject
Global
	GlobalSection(SolutionConfigurationPlatforms) = preSolution
		Debug|Any CPU = Debug|Any CPU
		Release|Any CPU = Release|Any CPU
	EndGlobalSection
	GlobalSection(ProjectConfigurationPlatforms) = postSolution
		{53F16BCA-4452-419C-BDEE-3E13A993F2B4}.Debug|Any CPU.ActiveCfg = Debug|Any CPU
		{53F16BCA-4452-419C-BDEE-3E13A993F2B4}.Debug|Any CPU.Build.0 = Debug|Any CPU
		{53F16BCA-4452-419C-BDEE-3E13A993F2B4}.Release|Any CPU.ActiveCfg = Release|Any CPU
		{53F16BCA-4452-419C-BDEE-3E13A993F2B4}.Release|Any CPU.Build.0 = Release|Any CPU
		{17AEE88B-D000-4C53-83E8-B721C4021114}.Debug|Any CPU.ActiveCfg = Debug|Any CPU
		{17AEE88B-D000-4C53-83E8-B721C4021114}.Debug|Any CPU.Build.0 = Debug|Any CPU
		{17AEE88B-D000-4C53-83E8-B721C4021114}.Release|Any CPU.ActiveCfg = Release|Any CPU
		{17AEE88B-D000-4C53-83E8-B721C4021114}.Release|Any CPU.Build.0 = Release|Any CPU
		{C4ED4710-17A5-41CC-83CB-98785B27E83F}.Debug|Any CPU.ActiveCfg = Debug|Any CPU
		{C4ED4710-17A5-41CC-83CB-98785B27E83F}.Debug|Any CPU.Build.0 = Debug|Any CPU
		{C4ED4710-17A5-41CC-83CB-98785B27E83F}.Release|Any CPU.ActiveCfg = Release|Any CPU
		{C4ED4710-17A5-41CC-83CB-98785B27E83F}.Release|Any CPU.Build.0 = Release|Any CPU
		{5247172B-76A4-47DF-AD29-97483CBD8543}.Debug|Any CPU.ActiveCfg = Debug|Any CPU
		{5247172B-76A4-47DF-AD29-97483CBD8543}.Debug|Any CPU.Build.0 = Debug|Any CPU
		{5247172B-76A4-47DF-AD29-97483CBD8543}.Release|Any CPU.ActiveCfg = Release|Any CPU
		{5247172B-76A4-47DF-AD29-97483CBD8543}.Release|Any CPU.Build.0 = Release|Any CPU
		{8F91926F-2EAC-45A7-92BA-689BB53D2B31}.Debug|Any CPU.ActiveCfg = Debug|Any CPU
		{8F91926F-2EAC-45A7-92BA-689BB53D2B31}.Debug|Any CPU.Build.0 = Debug|Any CPU
		{8F91926F-2EAC-45A7-92BA-689BB53D2B31}.Release|Any CPU.ActiveCfg = Release|Any CPU
		{8F91926F-2EAC-45A7-92BA-689BB53D2B31}.Release|Any CPU.Build.0 = Release|Any CPU
	EndGlobalSection
	GlobalSection(SolutionProperties) = preSolution
		HideSolutionNode = FALSE
	EndGlobalSection
	GlobalSection(ExtensibilityGlobals) = postSolution
		SolutionGuid = {C7CF5681-9C66-475D-A480-5FE3C8D22F58}
	EndGlobalSection
EndGlobal
